{
    "_meta": {
        "hash": {
            "sha256": "999e64d09cfbceb29330203b733486e791b474bfe0ade12c88709fe3b16087e6"
        },
        "host-environment-markers": {
            "implementation_name": "cpython",
            "implementation_version": "3.6.2",
            "os_name": "posix",
            "platform_machine": "x86_64",
            "platform_python_implementation": "CPython",
            "platform_release": "4.12.12-1-ARCH",
            "platform_system": "Linux",
            "platform_version": "#1 SMP PREEMPT Sun Sep 10 09:41:14 CEST 2017",
            "python_full_version": "3.6.2",
            "python_version": "3.6",
            "sys_platform": "linux"
        },
        "pipfile-spec": 3,
        "requires": {},
        "sources": [
            {
                "url": "https://pypi.python.org/simple",
                "verify_ssl": true
            }
        ]
    },
    "default": {
        "bleach": {
            "hashes": [
                "sha256:a6d9d5f5b7368c1689ad7f128af8e792beea23393688872b576c0271e6564a16",
                "sha256:b9522130003e4caedf4f00a39c120a906dcd4242329c1c8f621f5370203cbc30"
            ],
            "version": "==2.0.0"
        },
        "certifi": {
            "hashes": [
                "sha256:54a07c09c586b0e4c619f02a5e94e36619da8e2b053e20f594348c0611803704",
                "sha256:40523d2efb60523e113b44602298f0960e900388cf3bb6043f645cf57ea9e3f5"
            ],
            "version": "==2017.7.27.1"
        },
        "chardet": {
            "hashes": [
                "sha256:fc323ffcaeaed0e0a02bf4d117757b98aed530d9ed4531e3e15460124c106691",
                "sha256:84ab92ed1c4d4f16916e05906b6b75a6c0fb5db821cc65e70cbd64a3e2a5eaae"
            ],
            "version": "==3.0.4"
        },
        "decorator": {
            "hashes": [
                "sha256:95a26b17806e284452bfd97fa20aa1e8cb4ee23542bda4dbac5e4562aa1642cd",
                "sha256:7cb64d38cb8002971710c8899fbdfb859a23a364b7c99dab19d1f719c2ba16b5"
            ],
            "version": "==4.1.2"
        },
        "defusedxml": {
            "hashes": [
                "sha256:702a91ade2968a82beb0db1e0766a6a273f33d4616a6ce8cde475d8e09853b20",
                "sha256:24d7f2f94f7f3cb6061acb215685e5125fbcdc40a857eff9de22518820b0a4f4"
            ],
            "version": "==0.5.0"
        },
        "django": {
            "hashes": [
                "sha256:89162f70a74aac62a53f975128faba6099a7ef2c9d8140a41ae9d6210bda05cd",
                "sha256:1836878162dfdf865492bacfdff0321e4ee8f1e7d51d93192546000b54982b29"
            ],
            "version": "==1.11.5"
        },
        "django-authtools": {
            "hashes": [
                "sha256:9ced04f5b124625e6dfc2bb8e802b478d7707aa854f00a720c50fb2512bd33d5"
            ],
            "version": "==1.6.0"
        },
        "django-bootstrap3": {
            "hashes": [
                "sha256:a6fb9a1d86c7c6f80be52dd05fdbdc418032caf2b0b147a47819eadd9757f9d7"
            ],
            "version": "==9.0.0"
        },
        "django-braces": {
            "hashes": [
                "sha256:6be8277a535565e2140f7b1eb83ec26aa8d181acc8bb046875142a2792e4babe",
                "sha256:5898ab2ce4ca7c85b21aedf789b96e90c59dc75d26db6d9a4dc0cff3fc7a7aca"
            ],
            "version": "==1.11.0"
        },
        "django-extensions": {
            "hashes": [
                "sha256:34823a9ba7f9e0e5d15e44536f02bb98a75f16bb27fbeafe659cddac4a2948f5",
                "sha256:b562fd29acbf5d9b18a1c8605f1009719357b739e3a869a4bd4c7be223ace1cc"
            ],
            "version": "==1.9.1"
        },
        "future": {
            "hashes": [
                "sha256:e39ced1ab767b5936646cedba8bcce582398233d6a627067d4c6a454c90cfedb"
            ],
            "version": "==0.16.0"
        },
        "gunicorn": {
            "hashes": [
                "sha256:75af03c99389535f218cc596c7de74df4763803f7b63eb09d77e92b3956b36c6",
                "sha256:eee1169f0ca667be05db3351a0960765620dad53f53434262ff8901b68a1b622"
            ],
            "version": "==19.7.1"
        },
        "html5lib": {
            "hashes": [
                "sha256:b8934484cf22f1db684c0fae27569a0db404d0208d20163fbf51cc537245d008",
                "sha256:ee747c0ffd3028d2722061936b5c65ee4fe13c8e4613519b4447123fc4546298"
            ],
            "version": "==0.999999999"
        },
        "idna": {
            "hashes": [
                "sha256:8c7309c718f94b3a625cb648ace320157ad16ff131ae0af362c9f21b80ef6ec4",
                "sha256:2c6a5de3089009e3da7c5dde64a141dbc8551d5b7f6cf4ed7c2568d0cc520a8f"
            ],
            "version": "==2.6"
        },
        "ipython": {
            "hashes": [
                "sha256:578e2f3d779ed130a3cfefc09b2eb965a81457f6a31a25cd38e0bab622d4777d",
                "sha256:185ef2093dbac6d7250fe9ed4d4dd0f18f10d0a6ac6169f3eeb2ff0663d96b92",
                "sha256:66469e894d1f09d14a1f23b971a410af131daa9ad2a19922082e02e0ddfd150f"
            ],
            "version": "==5.5.0"
        },
        "ipython-genutils": {
            "hashes": [
                "sha256:72dd37233799e619666c9f639a9da83c34013a73e8bbc79a7a6348d93c61fab8",
                "sha256:eb2e116e75ecef9d4d228fdc66af54269afa26ab4463042e33785b887c628ba8"
            ],
            "version": "==0.2.0"
        },
        "markdown": {
            "hashes": [
                "sha256:73af797238b95768b3a9b6fe6270e250e5c09d988b8e5b223fd5efa4e06faf81"
            ],
            "version": "==2.6.9"
        },
        "oauthlib": {
            "hashes": [
                "sha256:f36c6631d072a2acb8b3b99f94e5e314f1fb4ed996696b18b2723769391c071b"
            ],
            "version": "==2.0.3"
        },
        "olefile": {
            "hashes": [
                "sha256:61f2ca0cd0aa77279eb943c07f607438edf374096b66332fae1ee64a6f0f73ad"
            ],
            "version": "==0.44"
        },
        "pexpect": {
            "hashes": [
                "sha256:f853b52afaf3b064d29854771e2db509ef80392509bde2dd7a6ecf2dfc3f0018",
                "sha256:3d132465a75b57aa818341c6521392a06cc660feb3988d7f1074f39bd23c9a92"
            ],
            "version": "==4.2.1"
        },
        "pickleshare": {
            "hashes": [
                "sha256:c9a2541f25aeabc070f12f452e1f2a8eae2abd51e1cd19e8430402bdf4c1d8b5",
                "sha256:84a9257227dfdd6fe1b4be1319096c20eb85ff1e82c7932f36efccfe1b09737b"
            ],
            "version": "==0.7.4"
        },
        "pillow": {
            "hashes": [
                "sha256:c7ba8b42923c1b5e72fe3b0aa792de8ffc13c5a3d4df8e88f06959d0835fea8e",
                "sha256:e07f388cf345b002853eabb720c234b281119cf4c2677d7e0b9ec4d8f9a18fbd",
                "sha256:3f265e43a0a93d2273138b5b2290d09927c253c49a166888ac15eda1a166e38a",
                "sha256:6d3e1f98dfcba332000441f465ec585e7c834aa648e4a83f73ec1b807083a756",
                "sha256:24e8bef1269598ef8f1f418575b12a15bb1a019ea177ad9445b197b8f209a7c8",
                "sha256:b818331ade410c660f754b489fd1bc5ff03b65d211746d1fa8537d60349eee75",
                "sha256:19d1cc97bad8ace5d601f0a52680d9f9228b5a326ac4f710da931179681f2099",
                "sha256:471f9e5b18277aa305c7024064ef0c9064bf8b819d46caac83bfae034ca90c03",
                "sha256:c9441bcd6c6830f48d949bf0367ba2ee97b9f152a152378c5b4aa4183884c205",
                "sha256:20a3c42e67af2d7cebf4c71b27efe30dd4621e135e9457abc80d0117631883d3",
                "sha256:5bf88e8144a9ad520a452a34adbf4dd92cbbcb9899c2e4f4b387957966291f21",
                "sha256:4be38c9ad2915e72579140d4fa3b79cccde29e8abe61ec2f8075d7a4f36b38df",
                "sha256:b8f8f50e2f1d85adec833607fed1f210962068e7807c62f266f3e53a0d81ac87",
                "sha256:8fd9376fcce33902851642d013101a7e2f7b5d3e05bd98b960b62f1be72d7a65",
                "sha256:bec34b7a66edc4ff92e5aed912cb4ebad6fe14e8a579f19ddcd8b352d76360a1",
                "sha256:7835c575bf744b2a6e5d48c480a37662b0ca247e9e54b217f6815fe57d6c5f9d",
                "sha256:a810b66a14500e203da8299b0e93c157b283a8baf81a9a631487d1b6890fb09f",
                "sha256:4757ad2eee627dca861289291512e66292ce535c2bc79210321c440381cf0901",
                "sha256:fd2648a3bfd95a2a06625c03852523bb6eec6b9fde6a647b989c73719a099cc4",
                "sha256:26861f6549e6d2133ca2d2db58e16459d8ac83e71616722e07ab267f7c010c15",
                "sha256:1abe01535e3afab9360a81e7cd2ed33379a60a96c944b153a82235b7cef71fdb",
                "sha256:f3b444e683f269b9ca64c0c313ed140b3c3ff65280597b788815227423e0abfd",
                "sha256:caad21c655bf4627bcd4db8e48c6a965ea428339ab43ac3e41af9fbc58e8bde7",
                "sha256:a1ba195e4f07e94c1c44cd651070b2b7d8328ef1bdccbee15549e684016df337",
                "sha256:3c7274c0f2468c30c1698e1ccd19d7a6df32a4aa98fddf5b886c8e870c4b82fb",
                "sha256:8197f06f2741310820d7a05add26418aee8e8f353bf6665a12ba9ad89a965a1d",
                "sha256:1cd69367c8f758692d619145bdafbdce5d9076e997d0280c1cc5093159406036",
                "sha256:a46df9776718170694dc20afc001baf6284506db8d150f54c089fabe82933b24",
                "sha256:795d41c6b6920907650ae1936e1e0b305ad5f4088deb9c3e9079d59fe60dbf4b",
                "sha256:c5fea3cf941e930df70b7e2fed65a411b80b674e1c71b8ae1ce84aba45e18d71",
                "sha256:8218acb51e20ac2cbdc1358be48cbab72e36ebd47f2ba7367542296ef13470ea",
                "sha256:a0d7888a64a9ab8c88410d2c235fb4685564dd07ec81a4b80b380d645f124f4d",
                "sha256:5e46edde8f40c64ff497dd8cca959f38007e85acd5158252d68c8a0798fc2776",
                "sha256:d24423abff2c32f68e53371bbab2e3f1c7383138b04bfdae2291dfbbe7aeddf4",
                "sha256:2136371b355be76e9d0360b1d16d87d303bcaa59b5107ee061cdc8f71b7c8e0f",
                "sha256:5b90cb8261a869353256f027daf8a5615e9e441980399808a25b7236a9c57098",
                "sha256:c724f65870e545316f9e82e4c6d608ab5aa9dd82d5185e5b2e72119378740073",
                "sha256:902d826f1f78f9d556c85bdfb776758eeabd28c9cf7a23dffd02a66678bd48d1",
                "sha256:c70b629025dc753b59c11b5f14d5522ef94dddd31a8fb03c449e8adfabdf482d",
                "sha256:d95e55d237a7dfe422ac47e1b384eec2b306d06adb0f19486c08d760e5a6eb63",
                "sha256:fdc3bebc9d02632dadfdffabb442518e6f56df9fbb7b12eb7192e45982ee5531",
                "sha256:460702ebd8b025d949520c346e7a42cc830a453af30bbb7f50273e42c88615f0",
                "sha256:d6ee5856903740f3f6878f7d9df3717a539cb2687e9205d7005399250f5de14f",
                "sha256:a168145bb95d3cedf7831eab05aa9ae2756a2ce900c281d281f76e64358caa09",
                "sha256:fcb44ce29eaa1ea4c98d9b8e50544b521b794be1b746d6a457a26a07dfb01ef2",
                "sha256:7ff60c2ca880715fa9b36315932d9ff5838d05ebf2ea2b06c48a09c33be94684",
                "sha256:99162bcec9d7d133da161d03b3423490418babf72be5dccd752852f409d00804"
            ],
            "version": "==4.2.1"
        },
        "prompt-toolkit": {
            "hashes": [
                "sha256:3f473ae040ddaa52b52f97f6b4a493cfa9f5920c255a12dc56a7d34397a398a4",
                "sha256:1df952620eccb399c53ebb359cc7d9a8d3a9538cb34c5a1344bdbeb29fbcc381",
                "sha256:858588f1983ca497f1cf4ffde01d978a3ea02b01c8a26a8bbc5cd2e66d816917"
            ],
            "version": "==1.0.15"
        },
        "psycopg2": {
            "hashes": [
                "sha256:3ab693b907b2c7a34c1dca198cfc454516cfd75440fd913bb372da6f70d6db55",
                "sha256:3c99c88216e0fc62113a1177aae9db18a533274370e99a4537b433b87b319360",
                "sha256:df70e0a387b0145a7a80de67d43d84e1c5a24a33bbfaedb96271876d573e5fb6",
                "sha256:8d2003d23d8fc59f0f0a2e73c13baa41581006b8227a9d82bbdc1aa233285ba4",
                "sha256:face605eea5826fa36600c04447b61674992bbd5eb177f66f86f61a04436dbd9",
                "sha256:ebee4f59803eda1ed4035649469a713818dbf5b6de2e12396edd9fa228727c20",
                "sha256:4d7c872d9c85745964cf8efabba3fb1a6010b345c18d0e2b620509f0444aa729",
                "sha256:99a298b9030f8fd36f885c5d0661e4d5a059136a541bb6c4d7d1100e38da3cd1",
                "sha256:b7646f7bdb42ba3cf7ef9f500f6514b5e413d25c5b3093d70e6ba52df417a83c",
                "sha256:39369e40bc3e062da5da93ce5f1e7f9bed95e9a60cb6f003d316f2a834722e2d",
                "sha256:c939b238cbc18e786909d20277c9f051241696ebb03ca9e3490094f526ce69a7",
                "sha256:9a0a74a6f20d82c389095c88d4d281e66eb3ffbc09adf543dcec4bec22436569",
                "sha256:16482d050db68503abbb693795d75e9fca287a00f662376759825404533ca87c",
                "sha256:f74e50341f45fb9bcd3598c11b5774c3e4349ee38cf15c342cc7075c73ef1f95",
                "sha256:e80a1ae04218e854a5d71085f9498c8c979033ca855cedeed3afc5d976c348ce",
                "sha256:f07791ee5793621bfaaa844f731529cd72321280f94e8dc3bd4ef524d20f58f2",
                "sha256:0bd0b1cf81eb6d74a77199570d5ce097fb3c6b8e57acc1edd328cef5c552f98a",
                "sha256:4db0de7d6236acbf7d020926489b6c4b98e845ba98df11057f22d54866e26b20",
                "sha256:604c49bf196c654c417ade1dc765bd23fe9bc3392d9a8c7184a7077142d621b3",
                "sha256:6194e81d8839b636118f5275c53be3c70eb3c3abcf836de675c34b20c06025ea",
                "sha256:e26aca5eb272869fdf8e55111f36026517c1c0799eb7ef1ddf67d4412affe1ef",
                "sha256:35d1fec112337c2607c8ca17dee3c2f8455e07dd69d140ff8e86ef1240dace3d",
                "sha256:891a70235c202158780fc0ab98d7ca2a7ed1625c26725b15119d47b2d852a5c6",
                "sha256:4cca242df228364b4de6241c54553301856bc253d7f21e15009b11c812eb7b5c",
                "sha256:3fbba0dd7f3ac458f355dcfc4d7d9cd082c19748e453bcd81bf9d8bc14260c01",
                "sha256:04a5b2805c620ddecdff33e015631cc8d7ea8dd01e1fcc930bfe002fdc26b9e0",
                "sha256:4fbe2c29f6d4c8d9eac5fc3c42c42036e7cc58e225036130b7713afa72489aac",
                "sha256:471e3140e1cb241ecb53602cdc98fe305b82c854cfa53c3e343d642683dc96c7",
                "sha256:279dbf220c94c9f73aefac719ea3b9550ca791389bc9184c15e835516bc8428d",
                "sha256:a4d7134058e8869d785c0be386cd702fe2a4be14b678d7571a51045e1bbad862",
                "sha256:9b7b16e26448b43cf167f785d8b5345007731ebf153a510e12dae826800caa65"
            ],
            "version": "==2.7.3.1"
        },
        "ptyprocess": {
            "hashes": [
                "sha256:e8c43b5eee76b2083a9badde89fd1bbce6c8942d1045146e100b7b5e014f4f1a",
                "sha256:e64193f0047ad603b71f202332ab5527c5e52aa7c8b609704fc28c0dc20c4365"
            ],
            "version": "==0.5.2"
        },
        "pycryptodomex": {
            "hashes": [
                "sha256:7f9d8d74b3001007e5cd0975280aa8857dadda4cfc7c01710601330d6b09c648",
                "sha256:ede86acf5453c4d385b1fe630a0e7baef058efbd7cba9282f747d241650268ab",
                "sha256:3292903255db0f15cfcd4b0581cadabaf716bff8a86e5698bc646fcb99e67778",
                "sha256:1733638c5a61a0646c318dabb9022f60e72cd479269a6cda4388c37133d8f778",
                "sha256:17a65300f815f7dadc3d52e782925a2c83db579c96e3ab4bd3db2b05a26525ac",
                "sha256:f927ff2d68670dc69e912edf1f2f6b671d8896430e7f6bdd82ca15866b875d62",
                "sha256:43077fdfe959edb1f4ffc9f967709205c3b40aea8a80c38b1fdb8b1018e8400e",
                "sha256:c647ca7cfebf1bcb30578ee74c7f72e00d7e9c1be262a678eaf0a3230ee4abc8",
                "sha256:372e167ca5070ca0e66896e4937ffbc3aa602f3d294b1c41b2863b56950d184f",
                "sha256:4c3822750ccc90a8b36e21410ac377a146067586d28dac08cdfd1654901c3e67",
                "sha256:52aa2e540d06d63636e4b5356957c520611e28a88386bad4d18980e4b00e0b5a"
            ],
            "version": "==3.4.7"
        },
        "pygments": {
            "hashes": [
                "sha256:78f3f434bcc5d6ee09020f92ba487f95ba50f1e3ef83ae96b9d5ffa1bab25c5d",
                "sha256:dbae1046def0efb574852fab9e90209b23f556367b5a320c0bcb871c77c3e8cc"
            ],
            "version": "==2.2.0"
        },
        "pyjwkest": {
            "hashes": [
                "sha256:60e1369db5fe67014450877f9933ff587be404a2be9eebccc0cadd4ec6236f78"
            ],
            "version": "==1.3.6"
        },
        "pyjwt": {
            "hashes": [
                "sha256:a4e5f1441e3ca7b382fd0c0b416777ced1f97c64ef0c33bfa39daf38505cfd2f",
                "sha256:500be75b17a63f70072416843dc80c8821109030be824f4d14758f114978bae7"
            ],
            "version": "==1.5.3"
        },
        "python3-openid": {
            "hashes": [
                "sha256:0086da6b6ef3161cfe50fb1ee5cceaf2cda1700019fda03c2c5c440ca6abe4fa",
                "sha256:628d365d687e12da12d02c6691170f4451db28d6d68d050007e4a40065868502"
            ],
            "version": "==3.1.0"
        },
        "pytz": {
            "hashes": [
                "sha256:c883c2d6670042c7bc1688645cac73dd2b03193d1f7a6847b6154e96890be06d",
                "sha256:03c9962afe00e503e2d96abab4e8998a0f84d4230fa57afe1e0528473698cdd9",
                "sha256:487e7d50710661116325747a9cd1744d3323f8e49748e287bc9e659060ec6bf9",
                "sha256:43f52d4c6a0be301d53ebd867de05e2926c35728b3260157d274635a0a947f1c",
                "sha256:d1d6729c85acea5423671382868627129432fba9a89ecbb248d8d1c7a9f01c67",
                "sha256:54a935085f7bf101f86b2aff75bd9672b435f51c3339db2ff616e66845f2b8f9",
                "sha256:39504670abb5dae77f56f8eb63823937ce727d7cdd0088e6909e6dcac0f89043",
                "sha256:ddc93b6d41cfb81266a27d23a79e13805d4a5521032b512643af8729041a81b4",
                "sha256:f5c056e8f62d45ba8215e5cb8f50dfccb198b4b9fbea8500674f3443e4689589"
            ],
            "version": "==2017.2"
        },
        "requests": {
            "hashes": [
                "sha256:6a1b267aa90cac58ac3a765d067950e7dbbf75b1da07e895d1f594193a40a38b",
                "sha256:9c443e7324ba5b85070c4a818ade28bfabedf16ea10206da1132edaa6dda237e"
            ],
            "version": "==2.18.4"
        },
        "requests-oauthlib": {
            "hashes": [
                "sha256:50a8ae2ce8273e384895972b56193c7409601a66d4975774c60c2aed869639ca",
                "sha256:883ac416757eada6d3d07054ec7092ac21c7f35cb1d2cf82faf205637081f468"
            ],
            "version": "==0.8.0"
        },
        "setproctitle": {
            "hashes": [
                "sha256:6283b7a58477dd8478fbb9e76defb37968ee4ba47b05ec1c053cb39638bd7398",
                "sha256:6a035eddac62898786aed2c2eee7334c28cfc8106e8eb29fdd117cac56c6cdf0"
            ],
            "version": "==1.1.10"
        },
        "simplegeneric": {
            "hashes": [
                "sha256:dc972e06094b9af5b855b3df4a646395e43d1c9d0d39ed345b7393560d0b9173"
            ],
            "version": "==0.8.1"
        },
        "six": {
            "hashes": [
                "sha256:0ff78c403d9bccf5a425a6d31a12aa6b47f1c21ca4dc2573a7e2f32a97335eb1",
                "sha256:105f8d68616f8248e24bf0e9372ef04d3cc10104f1980f54d57b2ce73a5ad56a"
            ],
            "version": "==1.10.0"
        },
        "social-auth-app-django": {
            "hashes": [
                "sha256:babc03c024ce719808af534167b9f5b76bb8b0aa0adfd1db01b124542ab906e1",
                "sha256:c853c15bf287e8400c687340b11278539838c1d2b911df264a38e60add0ac6f3",
                "sha256:3476aa7463ca821d1b1d8381d46b4c186b2b874d0e55541b087be596b2413acb"
            ],
            "version": "==1.2.0"
        },
        "social-auth-core": {
            "hashes": [
                "sha256:8a1b83995e891989195ef34ad46bd8fd6e98d8bc4510d3e5b34f7c24acc794c4",
                "sha256:c5c150e048a81bc292f57f6f05cad0a13d5a29589b3e085fcf39007c2312223b",
                "sha256:f83005f42cf3d870b49a3c9fddc2b2e8ec28fbb367626a304190b52e151e059d"
            ],
            "version": "==1.4.0"
        },
        "traitlets": {
            "hashes": [
                "sha256:c6cb5e6f57c5a9bdaa40fa71ce7b4af30298fbab9ece9815b5d995ab6217c7d9",
                "sha256:9c4bd2d267b7153df9152698efb1050a5d84982d3384a37b2c1f7723ba3e7835"
            ],
            "version": "==4.3.2"
        },
        "urllib3": {
            "hashes": [
                "sha256:06330f386d6e4b195fbfc736b297f58c5a892e4440e54d294d7004e3a9bbea1b",
                "sha256:cc44da8e1145637334317feebd728bd869a35285b93cbb4cca2577da7e62db4f"
            ],
            "version": "==1.22"
        },
        "wcwidth": {
            "hashes": [
                "sha256:f4ebe71925af7b40a864553f761ed559b43544f8f71746c2d756c7fe788ade7c",
                "sha256:3df37372226d6e63e1b1e1eda15c594bca98a22d33a23832a90998faa96bc65e"
            ],
            "version": "==0.1.7"
        },
        "webencodings": {
            "hashes": [
                "sha256:a0af1213f3c2226497a97e2b3aa01a7e4bee4f403f95be16fc9acd2947514a78",
                "sha256:b36a1c245f2d304965eb4e0a82848379241dc04b865afcc4aab16748587e1923"
            ],
            "version": "==0.5.1"
        }
    },
    "develop": {
        "asn1crypto": {
            "hashes": [
                "sha256:d232509fefcfcdb9a331f37e9c9dc20441019ad927c7d2176cf18ed5da0ba097",
                "sha256:cbbadd640d3165ab24b06ef25d1dca09a3441611ac15f6a6b452474fdf0aed1a"
            ],
            "version": "==0.22.0"
        },
        "bcrypt": {
            "hashes": [
                "sha256:4eb357ab2cd27f4c6151d33130c667e9245beb9d1e6779ccf7e196d4cc20ffa8",
                "sha256:9c3b27bcc772958a4a051ae333de802423ebe0a5dd4e58e642e6e9d641cd7f3c",
                "sha256:5dce51509227741323469b5c5ac6c6ccb2b2380800acc72e60bdf1b3359a5deb",
                "sha256:c68f89a235752c2c191f17ca9a5a2496cb278b57ceb3753621f502a3f576fec5",
                "sha256:06280fe19ffbcf6cf904de25190dd6fcd313e30bc79da305f5642a8295d1616e",
                "sha256:e0d47491bd496f823c7fdfdd6154b3e68b8ddf07556210bc46d39af31035f90a",
                "sha256:bebccf76fad01fe91426023b3a41ee991a3ab539f3d3d74b7acdb75baf111224",
                "sha256:b949fd8cab330cddb101d4d5fa1b02772b887c31280f10ee4530c2090c378b13",
                "sha256:1f3054d4da7c4a84b797d9130c36425b6e28134e9e67cd47b393774ea7168a3d",
                "sha256:5129442f3f131c1210734699ffa2b7f956786e3e943d38a3158ce174708d0296",
                "sha256:60c8aa69d18ee750d3678d67a265f1cf3559eabef98f90e3e646c3ff41e8795d",
                "sha256:35cfdfa3f64f8bad68d25f261bdc60fbb9e43f164881c496cb590bf8001aad83",
                "sha256:05b35b9842b009b44496fa5433ce462f69966291e50fbd471dbb427f399f748f",
                "sha256:70b69c68aede91eb96df81227c0a060ead75a008c3d7e4858dc165265d125c44",
                "sha256:329c547f5525808aecd77ccade9fd443e381f9d91fc8164da1dae9c195e1f1f5",
                "sha256:84b65684f53c4b6b9d9f61d7f9306e286613187bdf46f30d9a0bbadccfde2205",
                "sha256:81eb609e0e15336ce6d6acf37a2e4a89c5a2030b76bc7a907e7010d5b4332c38",
                "sha256:69dc348c0b6b34b855f3f340756b35f0398e18f0637fc815be567c664cba7d1b",
                "sha256:f2bfc588ff4e779e3659b8db348f5fb7b8192d63efc4bf15ecc50a72c820a221",
                "sha256:9cdc6fcd0eda471b66aca565ce214639f1ad1c5f3a71a205c492d04d139bb75b",
                "sha256:4396a33e112907f5978d5c40ca858b79fb1f6afd1caf3f8721c1411593d83bc2",
                "sha256:8b32df00118b8e7de99eb5ca78374eff1a3934ca42972a54283ddcb85d77164d",
                "sha256:73aabf7967c4dc319644c8bcfcbfe8106a475b16af481e0c12402dce2fbac44d",
                "sha256:f05cf87b6787b19c0daf9a7b89ac98708e48903120ccc04e4120528daba280fb",
                "sha256:66e3e1c105c1b811cf25974ee1eff53f2ebf4203c2e2c90e4b1097a837ba4a66",
                "sha256:5929214153af8e3e461777837e0de1a00f2ced48d921e55fb952b4d5702e1be2",
                "sha256:f1255ae53392e6e3a40955fa363d9522c915d3245c83029fd7a8ef500cd5f3be",
                "sha256:b7679e478041ad8eae3d70e73dc7f6a2e913142a5fc35a6cabfcb7af977559c1",
                "sha256:cdbcff01afda970b8d8e57633204f4501eddbe2c03932f51e7030aebddaf72d5",
                "sha256:c22f3e2c29cb592b65020605649f6d3cd4cf626e6cf97ce1843547e5ea4d5f68",
                "sha256:c8e236eabdaf230e5c49f26c28f95bc3788ba1296765a4e1b98143741fcd779c",
                "sha256:7f08048c4315f56f02dcef350c9b149a1b7a88c46d316e16a83f1f25a71323c6",
                "sha256:47d47df72e9f0462c8065a82da7b87f4b2577eb8a3fc855bcea165c2293beb84",
                "sha256:b67e222177bfd51532955307a1ec9afd5e9c90ba2ff9561acae562d1e75c6ac1",
                "sha256:5817b2b70a074cdab74c3871a2018d6931f8ef5148844006b8868b2be26f5abe",
                "sha256:6645c8d0ad845308de3eb9be98b6fd22a46ec5412bfc664a423e411cdd8f5488"
            ],
            "version": "==3.1.3"
        },
        "cffi": {
            "hashes": [
                "sha256:eddf6bd95b100f34c56a226847be92bde416d028213e87fd700bc593cbf3e9da",
                "sha256:929d206ecfefadcec0b0e13956131eec7442829d240da020d67274fefb9e61a4",
                "sha256:040e0b5462c65a39b7112ad9e951f3f57b487d0db053ea510dcf8fc53931ab4b",
                "sha256:d361e8c504bae02f665fad8d5ba4b74a6c1fab7862eec39cddcc21e4479fa275",
                "sha256:56a8c39e6e7225474b36c16a03240fcbbfc5c8cb016645793e0dec2d2f9bdf67",
                "sha256:4d2e388ce51e6a4efae8d4533ca15503ea957c41233bad165f8ccec354edca67",
                "sha256:c091a1ac521dac2770632f499c124762ddf978d23ced0472f19a8830e006eab8",
                "sha256:5c20f34a6858cd8c59eac23f80bc80bb5fd294bd9b22b264255a3eec0ab459f5",
                "sha256:b45efc8d81640a8e9122c1ba1817da2a998ca0168c40de7bbfc47b960771ca94",
                "sha256:f2ffdfd930bc4bcd4900def32fbb2a16a91656d9caafff573a25934327140431",
                "sha256:bd93a0df4dc72893ba604c05d487ea4d47a799e54172b89e414953685b0b08fb",
                "sha256:45233398f5e7114e719d0b83ffd0642af7fbf05136195f500fb6b72133c8e998",
                "sha256:47853d133f0de32697b55e0c2ee377d88e3143bc8645a3b93d38be2f5387b0a2",
                "sha256:6f1a2f85510c675b068e29625ff534f02567f24839cbd7d61cda6b7df62da2b1",
                "sha256:6153b26756de2f34f80ca4e8b1e79011ad62bb670539dc3df71e62909a112fdf",
                "sha256:5152bbde6ee514a11e2cd1b76a7ccab5af1043356ec3df9efe0112d97b20dae3",
                "sha256:42b38cd48e55b2a4c5f038f80137c2cb4393fd4e4d1c3dbeeb7aea9475b68ea1",
                "sha256:f6202eab19fd2c44d7d7af2bb8d286cf18b7b3d67b0e5bf1f2f113c99303ff87",
                "sha256:ec1112466a924ba69df5a90f31d26d323e3b91ce21f94b10fa0b77f44a07df48",
                "sha256:7a55f044dd78fdca379d455550c581b9455af022b8f8b5d97f585a25f4da63f6",
                "sha256:fd3c49d7d22ba75382e19c4877e1d4dca232ef48137442f8582c2259b0cdf612",
                "sha256:a76b89adecd46138aafdbd348563df1deb714962b5b3659ee1b6b0c5cf6ae0e5",
                "sha256:dd9577197fff563e4784ef4ace7da28c7da96a81895b69c008cdb82f1e82853c",
                "sha256:2217d22cb001386947693bd93ca4370224989468daf2939f3bf717956fb0a119",
                "sha256:59fc30a6f7331fe69cfc67ef151fd03a33491d25430ae0c4597e69c4235fa87e",
                "sha256:8a5632592b2752375b6d9e81da022896ece235713129fcc33703b3e10c639ef9",
                "sha256:48d6589fda4ec0ccb7d973807890a733381f828d29167177eb7d97892255a769",
                "sha256:f14c53dc624529eef175c993ceb886f37ecece09825bf47bf3230aacbc3b7acc",
                "sha256:d8930a719781987a876d6de8cf33ce937191c383158daafcb9db804bf3421adf",
                "sha256:765cf591a2f790b012075c7f54344a02b622a8561708ec27b3042c8c1699a465",
                "sha256:5f4ff33371c6969b39b293d9771ee91e81d26f9129be093ca1b7be357fcefd15"
            ],
            "version": "==1.11.0"
        },
        "coverage": {
            "hashes": [
                "sha256:c1456f66c536010cf9e4633a8853a9153e8fd588393695295afd4d0fc16c1d74",
                "sha256:97a7ec51cdde3a386e390b159b20f247ccb478084d925c75f1faa3d26c01335e",
                "sha256:83e955b975666b5a07d217135e7797857ce844eb340a99e46cc25525120417c4",
                "sha256:483ed14080c5301048128bb027b77978c632dd9e92e3ecb09b7e28f5b92abfcf",
                "sha256:ef574ab9640bcfa2f3c671831faf03f65788945fdf8efa4d4a1fffc034838e2a",
                "sha256:c5a205b4da3c624f5119dc4d84240789b5906bb8468902ec22dcc4aad8aa4638",
                "sha256:5dea90ed140e7fa9bc00463313f9bc4a6e6aff297b4969615e7a688615c4c4d2",
                "sha256:f9e83b39d29c2815a38e4118d776b482d4082b5bf9c9147fbc99a3f83abe480a",
                "sha256:700040c354f0230287906b1276635552a3def4b646e0145555bc9e2e5da9e365",
                "sha256:7f1eacae700c66c3d7362a433b228599c9d94a5a3a52613dddd9474e04deb6bc",
                "sha256:13ef9f799c8fb45c446a239df68034de3a6f3de274881b088bebd7f5661f79f8",
                "sha256:dfb011587e2b7299112f08a2a60d2601706aac9abde37aa1177ea825adaed923",
                "sha256:381be5d31d3f0d912334cf2c159bc7bea6bfe6b0e3df6061a3bf2bf88359b1f6",
                "sha256:83a477ac4f55a6ef59552683a0544d47b68a85ce6a80fd0ca6b3dc767f6495fb",
                "sha256:dfd35f1979da31bcabbe27bcf78d4284d69870731874af629082590023a77336",
                "sha256:9681efc2d310cfc53863cc6f63e88ebe7a48124550fa822147996cb09390b6ab",
                "sha256:53770b20ac5b4a12e99229d4bae57af0945be87cc257fce6c6c7571a39f0c5d4",
                "sha256:8801880d32f11b6df11c32a961e186774b4634ae39d7c43235f5a24368a85f07",
                "sha256:16db2c69a1acbcb3c13211e9f954e22b22a729909d81f983b6b9badacc466eda",
                "sha256:ef43a06a960b46c73c018704051e023ee6082030f145841ffafc8728039d5a88",
                "sha256:c3e2736664a6074fc9bd54fb643f5af0fc60bfedb2963b3d3f98c7450335e34c",
                "sha256:17709e22e4c9f5412ba90f446fb13b245cc20bf4a60377021bbff6c0f1f63e7c",
                "sha256:a2f7106d1167825c4115794c2ba57cc3b15feb6183db5328fa66f94c12902d8b",
                "sha256:2a08e978f402696c6956eee9d1b7e95d3ad042959b71bafe1f3e4557cbd6e0ac",
                "sha256:57f510bb16efaec0b6f371b64a8000c62e7e3b3e48e8b0a5745ade078d849814",
                "sha256:0f1883eab9c19aa243f51308751b8a2a547b9b817b721cc0ecf3efb99fafbea7",
                "sha256:e00fe141e22ce6e9395aa24d862039eb180c6b7e89df0bbaf9765e9aebe560a9",
                "sha256:ec596e4401553caa6dd2e3349ce47f9ef82c1f1bcba5d8ac3342724f0df8d6ff",
                "sha256:c820a533a943ebc860acc0ce6a00dd36e0fdf2c6f619ff8225755169428c5fa2",
                "sha256:b7f7283eb7badd2b8a9c6a9d6eeca200a0a24db6be79baee2c11398f978edcaa",
                "sha256:a5ed27ad3e8420b2d6b625dcbd3e59488c14ccc06030167bcf14ffb0f4189b77",
                "sha256:d7b70b7b4eb14d0753d33253fe4f121ca99102612e2719f0993607deb30c6f33",
                "sha256:4047dc83773869701bde934fb3c4792648eda7c0e008a77a0aec64157d246801",
                "sha256:7a9c44400ee0f3b4546066e0710e1250fd75831adc02ab99dda176ad8726f424",
                "sha256:0f649e68db74b1b5b8ca4161d08eb2b8fa8ae11af1ebfb80e80e112eb0ef5300",
                "sha256:52964fae0fafef8bd283ad8e9a9665205a9fdf912535434defc0ec3def1da26b",
                "sha256:36aa6c8db83bc27346ddcd8c2a60846a7178ecd702672689d3ea1828eb1a4d11",
                "sha256:9824e15b387d331c0fc0fef905a539ab69784368a1d6ac3db864b4182e520948",
                "sha256:4a678e1b9619a29c51301af61ab84122e2f8cc7a0a6b40854b808ac6be604300",
                "sha256:8bb7c8dca54109b61013bc4114d96effbf10dea136722c586bce3a5d9fc4e730",
                "sha256:1a41d621aa9b6ab6457b557a754d50aaff0813fad3453434de075496fca8a183",
                "sha256:0fa423599fc3d9e18177f913552cdb34a8d9ad33efcf52a98c9d4b644edb42c5",
                "sha256:e61a4ba0b2686040cb4828297c7e37bcaf3a1a1c0bc0dbe46cc789dde51a80fa",
                "sha256:ce9ef0fc99d11d418662e36fd8de6d71b19ec87c2eab961a117cc9d087576e72"
            ],
            "version": "==4.4.1"
        },
        "cryptography": {
            "hashes": [
                "sha256:b17e4244212c9ec6526b6ad47534a12e0378387ad86228141053c112e759769d",
                "sha256:1fb7dbf630daba53494da88de1e87429f2740e6ffdc92bbdcb385ddb9ff67b32",
                "sha256:369e4669cac8296e320f86d0a3c9f489b7593d2a144e7b0504b884bed56fd5d7",
                "sha256:15d655434cf6f350462c6c97f24cbf42ee0e6270886a7937eaaa52fd09e474ce",
                "sha256:b25d97585f1d2b2f16560737aba6257a10ca18aa3a2a70407c05fe8b64b375f9",
                "sha256:59d2b285fb24d30deaf4143c2d048fcefdd7e560f30cd1745da881705ca965c6",
                "sha256:fe6d56a4ff08875d70cc9b336fcd6e938db5808cb47cbc33c6927affb659aded",
                "sha256:d32dad8448ea88fe8eb02dc943d46db658cf9e618386761e498802c79e97c937",
                "sha256:d44db8e4435a10dcbf22fbc03072d18b31e6c1100084a2010239efd359f2f162",
                "sha256:a972eb37b6409a2d67ddd956e6bf74f2e9315105083d1fdaa8bbe6eb520dc367",
                "sha256:fb7dfc4b3a79ca4b9233803b80617fd302374e57771c9a28e32ee6c1296cdea3",
                "sha256:795af466e52daf404d783877157b106bc79e0cffa55f8d6360fa9f9fd03148bd",
                "sha256:4ffc706fbe4c12146050d432250896f2fcad8b77c6fd89d3c3bd456884dbf421",
                "sha256:317127295b14f5c943ed789ab60ade0d7d39041f8975d58a214af19dd1148705",
                "sha256:5c9e46b219e2b65ab9192e10407d7698589794407f15f11f39abbf3b04d16890",
                "sha256:27b7b005debcf4c0562299d5ceeaea151120eaad7bd84ef91fb22c204a958f03",
                "sha256:8bbff1de3002db5c7146b88fea392526260becc153adc8810103fc750c3eb333",
                "sha256:bb715b0d8d5c9111e9656eabe58ee7b95842a797c04608aef7f52439ab73d5f3",
                "sha256:bc86d3de2c7d63f3c73dff24fa43c55c00c7b8ea8102ed638c903c939b85e6a6",
                "sha256:2f0b681e89530750e4c0adf98701cafd0384ac160ceafe39c9d10be6034d2cc7",
                "sha256:5544d9433f9c25d55d609e2b014d47c390288bb98ae84e35b8cf93e9f6a6c832",
                "sha256:55cc98c93323efcf6f3300b6e9a7d435146a9d451ffd27aa14074f576f275786",
                "sha256:4ef205496c518aae7e699731dfff4b630c046ea9dbbe34e8ec8ce77bb399c1c7",
                "sha256:886759453c5b93b1e8953e92abee65ee09fdf78bf655c95d0a206d6387adbfed",
                "sha256:0f3dcdd06c5491cad2ed283ebc802805e3ac77ffe4789ad1b44ff0f0f891f59b",
                "sha256:8067fce92ec98cb52fabe2e10205ff27dba5755d9ffc1f521be9c504f9a6d5fc",
                "sha256:5a266ff306683cd82b2f19203f469b7580aee115f1818d2b2d1e12f1ee7fd12b",
                "sha256:d5341dac22e8ab080e637c632d1b1e92acaa8e66a02d139c0c795c1797531384",
                "sha256:a83318144a0037f264891ddfcbae9b75303949bb0efaece9713df5e04388b7ef",
                "sha256:d04bb2425086c3fe86f7bc48915290b13e798497839fbb18ab7f6dffcf98cc3a"
            ],
            "version": "==2.0.3"
        },
        "fabric3": {
            "hashes": [
                "sha256:7c61df6bd6ed2817c1be1246a01bca4db6b19cd3e831dd046b9463ce8ba3ae87",
                "sha256:8097dbd078c11273fdaf52d54ce8e11754fa8160be7c407ae866b5e78d76b47c"
            ],
            "version": "==1.13.1.post1"
        },
        "idna": {
            "hashes": [
                "sha256:8c7309c718f94b3a625cb648ace320157ad16ff131ae0af362c9f21b80ef6ec4",
                "sha256:2c6a5de3089009e3da7c5dde64a141dbc8551d5b7f6cf4ed7c2568d0cc520a8f"
            ],
            "version": "==2.6"
        },
        "paramiko": {
            "hashes": [
                "sha256:9c9402377ba8594889aab1e44a13b78eda685eb2145dc00b2353b4fbb25088cf",
                "sha256:ff94ae65379914ec3c960de731381f49092057b6dd1d24d18842ead5a2eb2277"
            ],
            "version": "==2.2.1"
        },
        "pyasn1": {
            "hashes": [
                "sha256:5afb7a0af5ac7360017151e6e8bee3a669ef31e2496a3abc20fc69d9e6fe40c3",
                "sha256:fdb7e0bf06f06564fa1f4c002f0f0eebb4ffe167f97a1879d6beac2a8129308b",
                "sha256:a8d37fb8f37c91314c9a821016f9e23de3b907d6f25bd9272720e414e0ee4164",
                "sha256:2506aecad82b8ea5ff26c1106b3c8dfb859c4c55e7abba00533ffa0dd97f7c95",
                "sha256:2eed483375bb3b90b7cf8556ba5dae861ce3d4a9d81a6ed784ce30041b505588",
                "sha256:85c8a951c70c3897768853ceccf406a0e4bfa856bd79d761661526646b27de0e",
                "sha256:cb1fe115c1997041682a8b2d68e6d6fd97beb1a13d61f91feac12738232952e2",
                "sha256:2f68234d2e234b1d0e582bc3d76feeee602c717ba2fbf2e3623fea0250dc3506",
                "sha256:81d2efcec26d464cbaef8ceb10ba7c77479cce70a0e4d263c9c75cd24889890f",
                "sha256:11768c0fc07382790ea7b78a13e2df11b29ff24484b1049266d65f947ac67fa2",
                "sha256:aedf38903899848200968d71227c637804ac95e41cefec8c49eab2d86f0ba306",
                "sha256:3946ff0ab406652240697013a89d76e388344866033864ef2b097228d1f0101a"
            ],
            "version": "==0.3.4"
        },
        "pycparser": {
            "hashes": [
                "sha256:99a8ca03e29851d96616ad0404b4aad7d9ee16f25c9f9708a11faf2810f7b226"
            ],
            "version": "==2.18"
        },
        "pynacl": {
            "hashes": [
                "sha256:9558ef5c1ae45322c054d1d1151016e0463b4da8b5c746a675e99c5c7d8f4faa",
                "sha256:301c966c1e17950e50d174ab4b2e7ef3e98ff51ad7a591152a19fe2139281eed",
                "sha256:4d21d733a63637ddf41d0cab50135ec9f5224dd22fd10ebf5c5f5f946b833f84",
                "sha256:99f91eb80b85fe16f70d362cfeae8eeeb108cd09a85f039fdab02164762f764b",
                "sha256:57314a7bad4bd39501dc622942f9921923673e52e126b0fc4f0214b5d25d619a",
                "sha256:c93d151efcdd7d214b1b11d781c9f1b125f0208cd06d9762bddabdfeac1cedfc",
                "sha256:1b4938a557b32e5c6b27fac79a94cf1abb70753b5462a0b577bd2a77e09dacd0",
                "sha256:506bc2591968a1a7b6577075bc29a591d8fff5bdfec03b0dd926f34b75b670e5",
                "sha256:4c15d7cea1a313fff3f68222e682ee1f855e43c0865081cad7385066a6b57d75",
                "sha256:c4ea0e3b9f3317ada56e12c7b37f6d0316900ae8b54a20d7b100d4e14350ac87",
                "sha256:53d83faf274813a5778bba1cd4cb96b79f39e44a63b1c4a4dada01a2b0eeafe8",
                "sha256:5172395dea8203ae124fd282fef3d242aa75366d66aebc0f5aab0c4753eed97b",
                "sha256:877879903cddb5da317fe86d923f65eb28c62fd7feb79cd3402d166e401f9423",
                "sha256:123c41df1db119397f2e26e9c63ca2ea853d3663e26b1c389bd3859dc1b7178a",
                "sha256:ceb16b7977123713ad898450ca86a2dc6706a17fe4cf278ffb6b76929c186550",
                "sha256:813d4170f62d68236bb041cf731e8d1f34fc1006a5e5d81139bead6ddaa9d169",
                "sha256:f01405a5c453b866e35338c53882f7ba7069c1f4e4045ce67513ad45c796f8a5",
                "sha256:4a3be9f884df08087996516707446ba55648bbefae8428bf578fa05f20fa2ed9",
                "sha256:7d14f18f8bc43977691276097524b9713d21b9635fea9791311261a66e4fe296",
                "sha256:9532aaa446840ece574c719ad3bbf25f60ca9871f48b5446e3f73e8b498e2398",
                "sha256:67b75a950dbc4025bfa549c183baa17db4096955912f385df31830e5a2121974",
                "sha256:dfc85c2b414dee700e32764559d560063825ec1470d3ee6c973e43c80a622e56",
                "sha256:3fd984580cbea8e02fc531aa32ab9487b72c30127f9e4c8db9ba3fe8950ecc93",
                "sha256:75a427377b2088c29a44db08c796c75a9cde2f9725dd041903cfbc0f6034895c",
                "sha256:ca2deb968135f1400105ca902f5cef24ba6984b6a4904756498afcb9077c76f9",
                "sha256:ffb74ac578b3b80b1d2d5a23a6dd7b1d6682e5fce6a7b3d21b46b180a5546055",
                "sha256:b796d95704b674100bd99fc42bbde9f8f2ccddae8599a4d4bbcb518428dfbfed",
                "sha256:32f52b754abf07c319c04ce16905109cab44b0e7f7c79497431d3b2000f8af8c"
            ],
            "version": "==1.1.2"
        },
        "six": {
            "hashes": [
                "sha256:0ff78c403d9bccf5a425a6d31a12aa6b47f1c21ca4dc2573a7e2f32a97335eb1",
                "sha256:105f8d68616f8248e24bf0e9372ef04d3cc10104f1980f54d57b2ce73a5ad56a"
            ],
            "version": "==1.10.0"
        }
    }
}
