{
    "_meta": {
        "hash": {
            "sha256": "ac8c4f867baa90f61d6cb966b9fed1a200fb106b5ba6a7277f52d46cb8b1e540"
        },
        "host-environment-markers": {
            "implementation_name": "cpython",
            "implementation_version": "3.6.2",
            "os_name": "posix",
            "platform_machine": "x86_64",
            "platform_python_implementation": "CPython",
            "platform_release": "4.12.12-1-ARCH",
            "platform_system": "Linux",
            "platform_version": "#1 SMP PREEMPT Sun Sep 10 09:41:14 CEST 2017",
            "python_full_version": "3.6.2",
            "python_version": "3.6",
            "sys_platform": "linux"
        },
        "pipfile-spec": 3,
        "requires": {},
        "sources": [
            {
                "url": "https://pypi.python.org/simple",
                "verify_ssl": true
            }
        ]
    },
    "default": {
        "bleach": {
            "hashes": [
                "sha256:a6d9d5f5b7368c1689ad7f128af8e792beea23393688872b576c0271e6564a16",
                "sha256:b9522130003e4caedf4f00a39c120a906dcd4242329c1c8f621f5370203cbc30"
            ],
            "version": "==2.0.0"
        },
        "certifi": {
            "hashes": [
                "sha256:54a07c09c586b0e4c619f02a5e94e36619da8e2b053e20f594348c0611803704",
                "sha256:40523d2efb60523e113b44602298f0960e900388cf3bb6043f645cf57ea9e3f5"
            ],
            "version": "==2017.7.27.1"
        },
        "chardet": {
            "hashes": [
                "sha256:fc323ffcaeaed0e0a02bf4d117757b98aed530d9ed4531e3e15460124c106691",
                "sha256:84ab92ed1c4d4f16916e05906b6b75a6c0fb5db821cc65e70cbd64a3e2a5eaae"
            ],
            "version": "==3.0.4"
        },
        "decorator": {
            "hashes": [
                "sha256:95a26b17806e284452bfd97fa20aa1e8cb4ee23542bda4dbac5e4562aa1642cd",
                "sha256:7cb64d38cb8002971710c8899fbdfb859a23a364b7c99dab19d1f719c2ba16b5"
            ],
            "version": "==4.1.2"
        },
        "defusedxml": {
            "hashes": [
                "sha256:702a91ade2968a82beb0db1e0766a6a273f33d4616a6ce8cde475d8e09853b20",
                "sha256:24d7f2f94f7f3cb6061acb215685e5125fbcdc40a857eff9de22518820b0a4f4"
            ],
            "version": "==0.5.0"
        },
        "django": {
            "hashes": [
                "sha256:89162f70a74aac62a53f975128faba6099a7ef2c9d8140a41ae9d6210bda05cd",
                "sha256:1836878162dfdf865492bacfdff0321e4ee8f1e7d51d93192546000b54982b29"
            ],
            "version": "==1.11.5"
        },
        "django-authtools": {
            "hashes": [
                "sha256:9ced04f5b124625e6dfc2bb8e802b478d7707aa854f00a720c50fb2512bd33d5"
            ],
            "version": "==1.6.0"
        },
        "django-bootstrap3": {
            "hashes": [
                "sha256:a6fb9a1d86c7c6f80be52dd05fdbdc418032caf2b0b147a47819eadd9757f9d7"
            ],
            "version": "==9.0.0"
        },
        "django-braces": {
            "hashes": [
                "sha256:6be8277a535565e2140f7b1eb83ec26aa8d181acc8bb046875142a2792e4babe",
                "sha256:5898ab2ce4ca7c85b21aedf789b96e90c59dc75d26db6d9a4dc0cff3fc7a7aca"
            ],
            "version": "==1.11.0"
        },
        "django-extensions": {
            "hashes": [
                "sha256:34823a9ba7f9e0e5d15e44536f02bb98a75f16bb27fbeafe659cddac4a2948f5",
                "sha256:b562fd29acbf5d9b18a1c8605f1009719357b739e3a869a4bd4c7be223ace1cc"
            ],
            "version": "==1.9.1"
        },
        "future": {
            "hashes": [
                "sha256:e39ced1ab767b5936646cedba8bcce582398233d6a627067d4c6a454c90cfedb"
            ],
            "version": "==0.16.0"
        },
        "gunicorn": {
            "hashes": [
                "sha256:75af03c99389535f218cc596c7de74df4763803f7b63eb09d77e92b3956b36c6",
                "sha256:eee1169f0ca667be05db3351a0960765620dad53f53434262ff8901b68a1b622"
            ],
            "version": "==19.7.1"
        },
        "html5lib": {
            "hashes": [
                "sha256:b8934484cf22f1db684c0fae27569a0db404d0208d20163fbf51cc537245d008",
                "sha256:ee747c0ffd3028d2722061936b5c65ee4fe13c8e4613519b4447123fc4546298"
            ],
            "version": "==0.999999999"
        },
        "idna": {
            "hashes": [
                "sha256:8c7309c718f94b3a625cb648ace320157ad16ff131ae0af362c9f21b80ef6ec4",
                "sha256:2c6a5de3089009e3da7c5dde64a141dbc8551d5b7f6cf4ed7c2568d0cc520a8f"
            ],
            "version": "==2.6"
        },
        "ipython": {
            "hashes": [
                "sha256:578e2f3d779ed130a3cfefc09b2eb965a81457f6a31a25cd38e0bab622d4777d",
                "sha256:185ef2093dbac6d7250fe9ed4d4dd0f18f10d0a6ac6169f3eeb2ff0663d96b92",
                "sha256:66469e894d1f09d14a1f23b971a410af131daa9ad2a19922082e02e0ddfd150f"
            ],
            "version": "==5.5.0"
        },
        "ipython-genutils": {
            "hashes": [
                "sha256:72dd37233799e619666c9f639a9da83c34013a73e8bbc79a7a6348d93c61fab8",
                "sha256:eb2e116e75ecef9d4d228fdc66af54269afa26ab4463042e33785b887c628ba8"
            ],
            "version": "==0.2.0"
        },
        "markdown": {
            "hashes": [
                "sha256:73af797238b95768b3a9b6fe6270e250e5c09d988b8e5b223fd5efa4e06faf81"
            ],
            "version": "==2.6.9"
        },
        "oauthlib": {
            "hashes": [
                "sha256:f36c6631d072a2acb8b3b99f94e5e314f1fb4ed996696b18b2723769391c071b"
            ],
            "version": "==2.0.3"
        },
        "olefile": {
            "hashes": [
                "sha256:61f2ca0cd0aa77279eb943c07f607438edf374096b66332fae1ee64a6f0f73ad"
            ],
            "version": "==0.44"
        },
        "pexpect": {
            "hashes": [
                "sha256:f853b52afaf3b064d29854771e2db509ef80392509bde2dd7a6ecf2dfc3f0018",
                "sha256:3d132465a75b57aa818341c6521392a06cc660feb3988d7f1074f39bd23c9a92"
            ],
            "version": "==4.2.1"
        },
        "pickleshare": {
            "hashes": [
                "sha256:c9a2541f25aeabc070f12f452e1f2a8eae2abd51e1cd19e8430402bdf4c1d8b5",
                "sha256:84a9257227dfdd6fe1b4be1319096c20eb85ff1e82c7932f36efccfe1b09737b"
            ],
            "version": "==0.7.4"
        },
        "pillow": {
            "hashes": [
                "sha256:c7ba8b42923c1b5e72fe3b0aa792de8ffc13c5a3d4df8e88f06959d0835fea8e",
                "sha256:e07f388cf345b002853eabb720c234b281119cf4c2677d7e0b9ec4d8f9a18fbd",
                "sha256:3f265e43a0a93d2273138b5b2290d09927c253c49a166888ac15eda1a166e38a",
                "sha256:6d3e1f98dfcba332000441f465ec585e7c834aa648e4a83f73ec1b807083a756",
                "sha256:24e8bef1269598ef8f1f418575b12a15bb1a019ea177ad9445b197b8f209a7c8",
                "sha256:b818331ade410c660f754b489fd1bc5ff03b65d211746d1fa8537d60349eee75",
                "sha256:19d1cc97bad8ace5d601f0a52680d9f9228b5a326ac4f710da931179681f2099",
                "sha256:471f9e5b18277aa305c7024064ef0c9064bf8b819d46caac83bfae034ca90c03",
                "sha256:c9441bcd6c6830f48d949bf0367ba2ee97b9f152a152378c5b4aa4183884c205",
                "sha256:20a3c42e67af2d7cebf4c71b27efe30dd4621e135e9457abc80d0117631883d3",
                "sha256:5bf88e8144a9ad520a452a34adbf4dd92cbbcb9899c2e4f4b387957966291f21",
                "sha256:4be38c9ad2915e72579140d4fa3b79cccde29e8abe61ec2f8075d7a4f36b38df",
                "sha256:b8f8f50e2f1d85adec833607fed1f210962068e7807c62f266f3e53a0d81ac87",
                "sha256:8fd9376fcce33902851642d013101a7e2f7b5d3e05bd98b960b62f1be72d7a65",
                "sha256:bec34b7a66edc4ff92e5aed912cb4ebad6fe14e8a579f19ddcd8b352d76360a1",
                "sha256:7835c575bf744b2a6e5d48c480a37662b0ca247e9e54b217f6815fe57d6c5f9d",
                "sha256:a810b66a14500e203da8299b0e93c157b283a8baf81a9a631487d1b6890fb09f",
                "sha256:4757ad2eee627dca861289291512e66292ce535c2bc79210321c440381cf0901",
                "sha256:fd2648a3bfd95a2a06625c03852523bb6eec6b9fde6a647b989c73719a099cc4",
                "sha256:26861f6549e6d2133ca2d2db58e16459d8ac83e71616722e07ab267f7c010c15",
                "sha256:1abe01535e3afab9360a81e7cd2ed33379a60a96c944b153a82235b7cef71fdb",
                "sha256:f3b444e683f269b9ca64c0c313ed140b3c3ff65280597b788815227423e0abfd",
                "sha256:caad21c655bf4627bcd4db8e48c6a965ea428339ab43ac3e41af9fbc58e8bde7",
                "sha256:a1ba195e4f07e94c1c44cd651070b2b7d8328ef1bdccbee15549e684016df337",
                "sha256:3c7274c0f2468c30c1698e1ccd19d7a6df32a4aa98fddf5b886c8e870c4b82fb",
                "sha256:8197f06f2741310820d7a05add26418aee8e8f353bf6665a12ba9ad89a965a1d",
                "sha256:1cd69367c8f758692d619145bdafbdce5d9076e997d0280c1cc5093159406036",
                "sha256:a46df9776718170694dc20afc001baf6284506db8d150f54c089fabe82933b24",
                "sha256:795d41c6b6920907650ae1936e1e0b305ad5f4088deb9c3e9079d59fe60dbf4b",
                "sha256:c5fea3cf941e930df70b7e2fed65a411b80b674e1c71b8ae1ce84aba45e18d71",
                "sha256:8218acb51e20ac2cbdc1358be48cbab72e36ebd47f2ba7367542296ef13470ea",
                "sha256:a0d7888a64a9ab8c88410d2c235fb4685564dd07ec81a4b80b380d645f124f4d",
                "sha256:5e46edde8f40c64ff497dd8cca959f38007e85acd5158252d68c8a0798fc2776",
                "sha256:d24423abff2c32f68e53371bbab2e3f1c7383138b04bfdae2291dfbbe7aeddf4",
                "sha256:2136371b355be76e9d0360b1d16d87d303bcaa59b5107ee061cdc8f71b7c8e0f",
                "sha256:5b90cb8261a869353256f027daf8a5615e9e441980399808a25b7236a9c57098",
                "sha256:c724f65870e545316f9e82e4c6d608ab5aa9dd82d5185e5b2e72119378740073",
                "sha256:902d826f1f78f9d556c85bdfb776758eeabd28c9cf7a23dffd02a66678bd48d1",
                "sha256:c70b629025dc753b59c11b5f14d5522ef94dddd31a8fb03c449e8adfabdf482d",
                "sha256:d95e55d237a7dfe422ac47e1b384eec2b306d06adb0f19486c08d760e5a6eb63",
                "sha256:fdc3bebc9d02632dadfdffabb442518e6f56df9fbb7b12eb7192e45982ee5531",
                "sha256:460702ebd8b025d949520c346e7a42cc830a453af30bbb7f50273e42c88615f0",
                "sha256:d6ee5856903740f3f6878f7d9df3717a539cb2687e9205d7005399250f5de14f",
                "sha256:a168145bb95d3cedf7831eab05aa9ae2756a2ce900c281d281f76e64358caa09",
                "sha256:fcb44ce29eaa1ea4c98d9b8e50544b521b794be1b746d6a457a26a07dfb01ef2",
                "sha256:7ff60c2ca880715fa9b36315932d9ff5838d05ebf2ea2b06c48a09c33be94684",
                "sha256:99162bcec9d7d133da161d03b3423490418babf72be5dccd752852f409d00804"
            ],
            "version": "==4.2.1"
        },
        "prompt-toolkit": {
            "hashes": [
                "sha256:3f473ae040ddaa52b52f97f6b4a493cfa9f5920c255a12dc56a7d34397a398a4",
                "sha256:1df952620eccb399c53ebb359cc7d9a8d3a9538cb34c5a1344bdbeb29fbcc381",
                "sha256:858588f1983ca497f1cf4ffde01d978a3ea02b01c8a26a8bbc5cd2e66d816917"
            ],
            "version": "==1.0.15"
        },
        "psycopg2": {
            "hashes": [
                "sha256:3ab693b907b2c7a34c1dca198cfc454516cfd75440fd913bb372da6f70d6db55",
                "sha256:3c99c88216e0fc62113a1177aae9db18a533274370e99a4537b433b87b319360",
                "sha256:df70e0a387b0145a7a80de67d43d84e1c5a24a33bbfaedb96271876d573e5fb6",
                "sha256:8d2003d23d8fc59f0f0a2e73c13baa41581006b8227a9d82bbdc1aa233285ba4",
                "sha256:face605eea5826fa36600c04447b61674992bbd5eb177f66f86f61a04436dbd9",
                "sha256:ebee4f59803eda1ed4035649469a713818dbf5b6de2e12396edd9fa228727c20",
                "sha256:4d7c872d9c85745964cf8efabba3fb1a6010b345c18d0e2b620509f0444aa729",
                "sha256:99a298b9030f8fd36f885c5d0661e4d5a059136a541bb6c4d7d1100e38da3cd1",
                "sha256:b7646f7bdb42ba3cf7ef9f500f6514b5e413d25c5b3093d70e6ba52df417a83c",
                "sha256:39369e40bc3e062da5da93ce5f1e7f9bed95e9a60cb6f003d316f2a834722e2d",
                "sha256:c939b238cbc18e786909d20277c9f051241696ebb03ca9e3490094f526ce69a7",
                "sha256:9a0a74a6f20d82c389095c88d4d281e66eb3ffbc09adf543dcec4bec22436569",
                "sha256:16482d050db68503abbb693795d75e9fca287a00f662376759825404533ca87c",
                "sha256:f74e50341f45fb9bcd3598c11b5774c3e4349ee38cf15c342cc7075c73ef1f95",
                "sha256:e80a1ae04218e854a5d71085f9498c8c979033ca855cedeed3afc5d976c348ce",
                "sha256:f07791ee5793621bfaaa844f731529cd72321280f94e8dc3bd4ef524d20f58f2",
                "sha256:0bd0b1cf81eb6d74a77199570d5ce097fb3c6b8e57acc1edd328cef5c552f98a",
                "sha256:4db0de7d6236acbf7d020926489b6c4b98e845ba98df11057f22d54866e26b20",
                "sha256:604c49bf196c654c417ade1dc765bd23fe9bc3392d9a8c7184a7077142d621b3",
                "sha256:6194e81d8839b636118f5275c53be3c70eb3c3abcf836de675c34b20c06025ea",
                "sha256:e26aca5eb272869fdf8e55111f36026517c1c0799eb7ef1ddf67d4412affe1ef",
                "sha256:35d1fec112337c2607c8ca17dee3c2f8455e07dd69d140ff8e86ef1240dace3d",
                "sha256:891a70235c202158780fc0ab98d7ca2a7ed1625c26725b15119d47b2d852a5c6",
                "sha256:4cca242df228364b4de6241c54553301856bc253d7f21e15009b11c812eb7b5c",
                "sha256:3fbba0dd7f3ac458f355dcfc4d7d9cd082c19748e453bcd81bf9d8bc14260c01",
                "sha256:04a5b2805c620ddecdff33e015631cc8d7ea8dd01e1fcc930bfe002fdc26b9e0",
                "sha256:4fbe2c29f6d4c8d9eac5fc3c42c42036e7cc58e225036130b7713afa72489aac",
                "sha256:471e3140e1cb241ecb53602cdc98fe305b82c854cfa53c3e343d642683dc96c7",
                "sha256:279dbf220c94c9f73aefac719ea3b9550ca791389bc9184c15e835516bc8428d",
                "sha256:a4d7134058e8869d785c0be386cd702fe2a4be14b678d7571a51045e1bbad862",
                "sha256:9b7b16e26448b43cf167f785d8b5345007731ebf153a510e12dae826800caa65"
            ],
            "version": "==2.7.3.1"
        },
        "ptyprocess": {
            "hashes": [
                "sha256:e8c43b5eee76b2083a9badde89fd1bbce6c8942d1045146e100b7b5e014f4f1a",
                "sha256:e64193f0047ad603b71f202332ab5527c5e52aa7c8b609704fc28c0dc20c4365"
            ],
            "version": "==0.5.2"
        },
        "pycryptodomex": {
            "hashes": [
                "sha256:7f9d8d74b3001007e5cd0975280aa8857dadda4cfc7c01710601330d6b09c648",
                "sha256:ede86acf5453c4d385b1fe630a0e7baef058efbd7cba9282f747d241650268ab",
                "sha256:3292903255db0f15cfcd4b0581cadabaf716bff8a86e5698bc646fcb99e67778",
                "sha256:1733638c5a61a0646c318dabb9022f60e72cd479269a6cda4388c37133d8f778",
                "sha256:17a65300f815f7dadc3d52e782925a2c83db579c96e3ab4bd3db2b05a26525ac",
                "sha256:f927ff2d68670dc69e912edf1f2f6b671d8896430e7f6bdd82ca15866b875d62",
                "sha256:43077fdfe959edb1f4ffc9f967709205c3b40aea8a80c38b1fdb8b1018e8400e",
                "sha256:c647ca7cfebf1bcb30578ee74c7f72e00d7e9c1be262a678eaf0a3230ee4abc8",
                "sha256:372e167ca5070ca0e66896e4937ffbc3aa602f3d294b1c41b2863b56950d184f",
                "sha256:4c3822750ccc90a8b36e21410ac377a146067586d28dac08cdfd1654901c3e67",
                "sha256:52aa2e540d06d63636e4b5356957c520611e28a88386bad4d18980e4b00e0b5a"
            ],
            "version": "==3.4.7"
        },
        "pygments": {
            "hashes": [
                "sha256:78f3f434bcc5d6ee09020f92ba487f95ba50f1e3ef83ae96b9d5ffa1bab25c5d",
                "sha256:dbae1046def0efb574852fab9e90209b23f556367b5a320c0bcb871c77c3e8cc"
            ],
            "version": "==2.2.0"
        },
        "pyjwkest": {
            "hashes": [
                "sha256:60e1369db5fe67014450877f9933ff587be404a2be9eebccc0cadd4ec6236f78"
            ],
            "version": "==1.3.6"
        },
        "pyjwt": {
            "hashes": [
                "sha256:a4e5f1441e3ca7b382fd0c0b416777ced1f97c64ef0c33bfa39daf38505cfd2f",
                "sha256:500be75b17a63f70072416843dc80c8821109030be824f4d14758f114978bae7"
            ],
            "version": "==1.5.3"
        },
        "python3-openid": {
            "hashes": [
                "sha256:0086da6b6ef3161cfe50fb1ee5cceaf2cda1700019fda03c2c5c440ca6abe4fa",
                "sha256:628d365d687e12da12d02c6691170f4451db28d6d68d050007e4a40065868502"
            ],
            "version": "==3.1.0"
        },
        "pytz": {
            "hashes": [
                "sha256:c883c2d6670042c7bc1688645cac73dd2b03193d1f7a6847b6154e96890be06d",
                "sha256:03c9962afe00e503e2d96abab4e8998a0f84d4230fa57afe1e0528473698cdd9",
                "sha256:487e7d50710661116325747a9cd1744d3323f8e49748e287bc9e659060ec6bf9",
                "sha256:43f52d4c6a0be301d53ebd867de05e2926c35728b3260157d274635a0a947f1c",
                "sha256:d1d6729c85acea5423671382868627129432fba9a89ecbb248d8d1c7a9f01c67",
                "sha256:54a935085f7bf101f86b2aff75bd9672b435f51c3339db2ff616e66845f2b8f9",
                "sha256:39504670abb5dae77f56f8eb63823937ce727d7cdd0088e6909e6dcac0f89043",
                "sha256:ddc93b6d41cfb81266a27d23a79e13805d4a5521032b512643af8729041a81b4",
                "sha256:f5c056e8f62d45ba8215e5cb8f50dfccb198b4b9fbea8500674f3443e4689589"
            ],
            "version": "==2017.2"
        },
        "requests": {
            "hashes": [
                "sha256:6a1b267aa90cac58ac3a765d067950e7dbbf75b1da07e895d1f594193a40a38b",
                "sha256:9c443e7324ba5b85070c4a818ade28bfabedf16ea10206da1132edaa6dda237e"
            ],
            "version": "==2.18.4"
        },
        "requests-oauthlib": {
            "hashes": [
                "sha256:50a8ae2ce8273e384895972b56193c7409601a66d4975774c60c2aed869639ca",
                "sha256:883ac416757eada6d3d07054ec7092ac21c7f35cb1d2cf82faf205637081f468"
            ],
            "version": "==0.8.0"
        },
        "setproctitle": {
            "hashes": [
                "sha256:6283b7a58477dd8478fbb9e76defb37968ee4ba47b05ec1c053cb39638bd7398",
                "sha256:6a035eddac62898786aed2c2eee7334c28cfc8106e8eb29fdd117cac56c6cdf0"
            ],
            "version": "==1.1.10"
        },
        "simplegeneric": {
            "hashes": [
                "sha256:dc972e06094b9af5b855b3df4a646395e43d1c9d0d39ed345b7393560d0b9173"
            ],
            "version": "==0.8.1"
        },
        "six": {
            "hashes": [
                "sha256:0ff78c403d9bccf5a425a6d31a12aa6b47f1c21ca4dc2573a7e2f32a97335eb1",
                "sha256:105f8d68616f8248e24bf0e9372ef04d3cc10104f1980f54d57b2ce73a5ad56a"
            ],
            "version": "==1.10.0"
        },
        "social-auth-app-django": {
            "hashes": [
                "sha256:babc03c024ce719808af534167b9f5b76bb8b0aa0adfd1db01b124542ab906e1",
                "sha256:c853c15bf287e8400c687340b11278539838c1d2b911df264a38e60add0ac6f3",
                "sha256:3476aa7463ca821d1b1d8381d46b4c186b2b874d0e55541b087be596b2413acb"
            ],
            "version": "==1.2.0"
        },
        "social-auth-core": {
            "hashes": [
                "sha256:8a1b83995e891989195ef34ad46bd8fd6e98d8bc4510d3e5b34f7c24acc794c4",
                "sha256:c5c150e048a81bc292f57f6f05cad0a13d5a29589b3e085fcf39007c2312223b",
                "sha256:f83005f42cf3d870b49a3c9fddc2b2e8ec28fbb367626a304190b52e151e059d"
            ],
            "version": "==1.4.0"
        },
        "traitlets": {
            "hashes": [
                "sha256:c6cb5e6f57c5a9bdaa40fa71ce7b4af30298fbab9ece9815b5d995ab6217c7d9",
                "sha256:9c4bd2d267b7153df9152698efb1050a5d84982d3384a37b2c1f7723ba3e7835"
            ],
            "version": "==4.3.2"
        },
        "urllib3": {
            "hashes": [
                "sha256:06330f386d6e4b195fbfc736b297f58c5a892e4440e54d294d7004e3a9bbea1b",
                "sha256:cc44da8e1145637334317feebd728bd869a35285b93cbb4cca2577da7e62db4f"
            ],
            "version": "==1.22"
        },
        "wcwidth": {
            "hashes": [
                "sha256:f4ebe71925af7b40a864553f761ed559b43544f8f71746c2d756c7fe788ade7c",
                "sha256:3df37372226d6e63e1b1e1eda15c594bca98a22d33a23832a90998faa96bc65e"
            ],
            "version": "==0.1.7"
        },
        "webencodings": {
            "hashes": [
                "sha256:a0af1213f3c2226497a97e2b3aa01a7e4bee4f403f95be16fc9acd2947514a78",
                "sha256:b36a1c245f2d304965eb4e0a82848379241dc04b865afcc4aab16748587e1923"
            ],
            "version": "==0.5.1"
        }
    },
    "develop": {}
}
